{
  "requires": true,
  "lockfileVersion": 1,
  "dependencies": {
    "fade-props": {
      "version": "2.1.1",
      "resolved": "https://registry.npmjs.org/fade-props/-/fade-props-2.1.1.tgz",
      "integrity": "sha512-nIWh0V7esuqGeyLobZU29R49nUS7vYV3ODj32Y4C4V7XG4R7eK8AzgzSWwU7gjNhVknDK4Rh8rfenrnnyAWJLw=="
    }
  }
}
