# THIS IS AN AUTOGENERATED FILE. DO NOT EDIT THIS FILE DIRECTLY.
# yarn lockfile v1


"js-tokens@^3.0.0 || ^4.0.0":
  "integrity" "sha512-RdJUflcE3cUzKiMqQgsCu06FPu9UdIJO0beYbPhHN4k6apgJtifcoCtT9bcxOpYBtpD2kCM6Sbzg4CausW/PKQ=="
  "resolved" "https://registry.npmjs.org/js-tokens/-/js-tokens-4.0.0.tgz"
  "version" "4.0.0"

"loose-envify@^1.1.0":
  "version" "1.4.0"
  dependencies:
    "js-tokens" "^3.0.0 || ^4.0.0"

"react-dom@^16.8 || ^17 || ^18":
  "version" "18.2.0"
  dependencies:
    "loose-envify" "^1.1.0"
    "scheduler" "^0.23.0"

"react-middle-ellipsis@^1.2.2":
  "integrity" "sha512-tTsyS/hOjT3C5WjpueAx1/WsYUVnNlUnDRCKSffGT1ns7b0NbSi6FGVVPDLTxn207B0sVjNTbMnk1HFGWd5hzA=="
  "resolved" "https://registry.npmjs.org/react-middle-ellipsis/-/react-middle-ellipsis-1.2.2.tgz"
  "version" "1.2.2"

"react@^16.8 || ^17 || ^18", "react@^18.2.0":
  "version" "18.2.0"
  dependencies:
    "loose-envify" "^1.1.0"

"scheduler@^0.23.0":
  "version" "0.23.0"
  dependencies:
    "loose-envify" "^1.1.0"
